
Microsoft Visual Studio Solution File, Format Version 11.00
# Visual Studio 2010
Project("{8BC9CEB8-8B4A-11D0-8D11-00A0C91BC942}") = "libclasp", "lib\lib.vcxproj", "{A95999D0-C3A7-423F-84D1-D620674A136E}"
EndProject
Project("{8BC9CEB8-8B4A-11D0-8D11-00A0C91BC942}") = "app", "app\app.vcxproj", "{EF6CFDA6-F838-40E9-8688-BEE97EE14265}"
	ProjectSection(ProjectDependencies) = postProject
		{488B1DCF-D41E-4416-A6D0-336CBC2871FE} = {488B1DCF-D41E-4416-A6D0-336CBC2871FE}
	EndProjectSection
EndProject
Project("{8BC9CEB8-8B4A-11D0-8D11-00A0C91BC942}") = "test", "test\test.vcxproj", "{73ACA93A-C49E-4537-BC3A-DCF91E85ED2A}"
EndProject
Project("{8BC9CEB8-8B4A-11D0-8D11-00A0C91BC942}") = "examples", "examples\examples.vcxproj", "{3D533F47-3043-4EAC-9669-06F01CDB75E2}"
EndProject
Project("{8BC9CEB8-8B4A-11D0-8D11-00A0C91BC942}") = "libprogram_opts", "libprogram_opts\libprogram_opts.vcxproj", "{488B1DCF-D41E-4416-A6D0-336CBC2871FE}"
EndProject
Global
	GlobalSection(SolutionConfigurationPlatforms) = preSolution
		Debug|Win32 = Debug|Win32
		Debug|x64 = Debug|x64
		Release_MT_Static|Win32 = Release_MT_Static|Win32
		Release_MT_Static|x64 = Release_MT_Static|x64
		Release_Static|Win32 = Release_Static|Win32
		Release_Static|x64 = Release_Static|x64
		Release|Win32 = Release|Win32
		Release|x64 = Release|x64
	EndGlobalSection
	GlobalSection(ProjectConfigurationPlatforms) = postSolution
		{A95999D0-C3A7-423F-84D1-D620674A136E}.Debug|Win32.ActiveCfg = Debug|Win32
		{A95999D0-C3A7-423F-84D1-D620674A136E}.Debug|Win32.Build.0 = Debug|Win32
		{A95999D0-C3A7-423F-84D1-D620674A136E}.Debug|x64.ActiveCfg = Debug|x64
		{A95999D0-C3A7-423F-84D1-D620674A136E}.Debug|x64.Build.0 = Debug|x64
		{A95999D0-C3A7-423F-84D1-D620674A136E}.Release_MT_Static|Win32.ActiveCfg = Release_MT_Static|Win32
		{A95999D0-C3A7-423F-84D1-D620674A136E}.Release_MT_Static|Win32.Build.0 = Release_MT_Static|Win32
		{A95999D0-C3A7-423F-84D1-D620674A136E}.Release_MT_Static|x64.ActiveCfg = Release_MT_Static|x64
		{A95999D0-C3A7-423F-84D1-D620674A136E}.Release_MT_Static|x64.Build.0 = Release_MT_Static|x64
		{A95999D0-C3A7-423F-84D1-D620674A136E}.Release_Static|Win32.ActiveCfg = Release_Static|Win32
		{A95999D0-C3A7-423F-84D1-D620674A136E}.Release_Static|Win32.Build.0 = Release_Static|Win32
		{A95999D0-C3A7-423F-84D1-D620674A136E}.Release_Static|x64.ActiveCfg = Release_Static|x64
		{A95999D0-C3A7-423F-84D1-D620674A136E}.Release_Static|x64.Build.0 = Release_Static|x64
		{A95999D0-C3A7-423F-84D1-D620674A136E}.Release|Win32.ActiveCfg = Release|Win32
		{A95999D0-C3A7-423F-84D1-D620674A136E}.Release|Win32.Build.0 = Release|Win32
		{A95999D0-C3A7-423F-84D1-D620674A136E}.Release|x64.ActiveCfg = Release|x64
		{A95999D0-C3A7-423F-84D1-D620674A136E}.Release|x64.Build.0 = Release|x64
		{EF6CFDA6-F838-40E9-8688-BEE97EE14265}.Debug|Win32.ActiveCfg = Debug|Win32
		{EF6CFDA6-F838-40E9-8688-BEE97EE14265}.Debug|Win32.Build.0 = Debug|Win32
		{EF6CFDA6-F838-40E9-8688-BEE97EE14265}.Debug|x64.ActiveCfg = Debug|x64
		{EF6CFDA6-F838-40E9-8688-BEE97EE14265}.Debug|x64.Build.0 = Debug|x64
		{EF6CFDA6-F838-40E9-8688-BEE97EE14265}.Release_MT_Static|Win32.ActiveCfg = Release_MT_Static|Win32
		{EF6CFDA6-F838-40E9-8688-BEE97EE14265}.Release_MT_Static|Win32.Build.0 = Release_MT_Static|Win32
		{EF6CFDA6-F838-40E9-8688-BEE97EE14265}.Release_MT_Static|x64.ActiveCfg = Release_MT_Static|x64
		{EF6CFDA6-F838-40E9-8688-BEE97EE14265}.Release_MT_Static|x64.Build.0 = Release_MT_Static|x64
		{EF6CFDA6-F838-40E9-8688-BEE97EE14265}.Release_Static|Win32.ActiveCfg = Release_Static|Win32
		{EF6CFDA6-F838-40E9-8688-BEE97EE14265}.Release_Static|Win32.Build.0 = Release_Static|Win32
		{EF6CFDA6-F838-40E9-8688-BEE97EE14265}.Release_Static|x64.ActiveCfg = Release_Static|x64
		{EF6CFDA6-F838-40E9-8688-BEE97EE14265}.Release_Static|x64.Build.0 = Release_Static|x64
		{EF6CFDA6-F838-40E9-8688-BEE97EE14265}.Release|Win32.ActiveCfg = Release|Win32
		{EF6CFDA6-F838-40E9-8688-BEE97EE14265}.Release|Win32.Build.0 = Release|Win32
		{EF6CFDA6-F838-40E9-8688-BEE97EE14265}.Release|x64.ActiveCfg = Release|x64
		{EF6CFDA6-F838-40E9-8688-BEE97EE14265}.Release|x64.Build.0 = Release|x64
		{73ACA93A-C49E-4537-BC3A-DCF91E85ED2A}.Debug|Win32.ActiveCfg = Debug|Win32
		{73ACA93A-C49E-4537-BC3A-DCF91E85ED2A}.Debug|Win32.Build.0 = Debug|Win32
		{73ACA93A-C49E-4537-BC3A-DCF91E85ED2A}.Debug|x64.ActiveCfg = Debug|x64
		{73ACA93A-C49E-4537-BC3A-DCF91E85ED2A}.Debug|x64.Build.0 = Debug|x64
		{73ACA93A-C49E-4537-BC3A-DCF91E85ED2A}.Release_MT_Static|Win32.ActiveCfg = Debug|Win32
		{73ACA93A-C49E-4537-BC3A-DCF91E85ED2A}.Release_MT_Static|Win32.Build.0 = Debug|Win32
		{73ACA93A-C49E-4537-BC3A-DCF91E85ED2A}.Release_MT_Static|x64.ActiveCfg = Release|x64
		{73ACA93A-C49E-4537-BC3A-DCF91E85ED2A}.Release_MT_Static|x64.Build.0 = Release|x64
		{73ACA93A-C49E-4537-BC3A-DCF91E85ED2A}.Release_Static|Win32.ActiveCfg = Debug|Win32
		{73ACA93A-C49E-4537-BC3A-DCF91E85ED2A}.Release_Static|Win32.Build.0 = Debug|Win32
		{73ACA93A-C49E-4537-BC3A-DCF91E85ED2A}.Release_Static|x64.ActiveCfg = Release|x64
		{73ACA93A-C49E-4537-BC3A-DCF91E85ED2A}.Release_Static|x64.Build.0 = Release|x64
		{73ACA93A-C49E-4537-BC3A-DCF91E85ED2A}.Release|Win32.ActiveCfg = Debug|Win32
		{73ACA93A-C49E-4537-BC3A-DCF91E85ED2A}.Release|Win32.Build.0 = Debug|Win32
		{73ACA93A-C49E-4537-BC3A-DCF91E85ED2A}.Release|x64.ActiveCfg = Release|x64
		{73ACA93A-C49E-4537-BC3A-DCF91E85ED2A}.Release|x64.Build.0 = Release|x64
		{3D533F47-3043-4EAC-9669-06F01CDB75E2}.Debug|Win32.ActiveCfg = Debug|Win32
		{3D533F47-3043-4EAC-9669-06F01CDB75E2}.Debug|Win32.Build.0 = Debug|Win32
		{3D533F47-3043-4EAC-9669-06F01CDB75E2}.Debug|x64.ActiveCfg = Debug|x64
		{3D533F47-3043-4EAC-9669-06F01CDB75E2}.Debug|x64.Build.0 = Debug|x64
		{3D533F47-3043-4EAC-9669-06F01CDB75E2}.Release_MT_Static|Win32.ActiveCfg = Release|Win32
		{3D533F47-3043-4EAC-9669-06F01CDB75E2}.Release_MT_Static|Win32.Build.0 = Release|Win32
		{3D533F47-3043-4EAC-9669-06F01CDB75E2}.Release_MT_Static|x64.ActiveCfg = Release|x64
		{3D533F47-3043-4EAC-9669-06F01CDB75E2}.Release_MT_Static|x64.Build.0 = Release|x64
		{3D533F47-3043-4EAC-9669-06F01CDB75E2}.Release_Static|Win32.ActiveCfg = Release|Win32
		{3D533F47-3043-4EAC-9669-06F01CDB75E2}.Release_Static|Win32.Build.0 = Release|Win32
		{3D533F47-3043-4EAC-9669-06F01CDB75E2}.Release_Static|x64.ActiveCfg = Release|x64
		{3D533F47-3043-4EAC-9669-06F01CDB75E2}.Release_Static|x64.Build.0 = Release|x64
		{3D533F47-3043-4EAC-9669-06F01CDB75E2}.Release|Win32.ActiveCfg = Release|Win32
		{3D533F47-3043-4EAC-9669-06F01CDB75E2}.Release|Win32.Build.0 = Release|Win32
		{3D533F47-3043-4EAC-9669-06F01CDB75E2}.Release|x64.ActiveCfg = Release|x64
		{3D533F47-3043-4EAC-9669-06F01CDB75E2}.Release|x64.Build.0 = Release|x64
		{488B1DCF-D41E-4416-A6D0-336CBC2871FE}.Debug|Win32.ActiveCfg = Debug|Win32
		{488B1DCF-D41E-4416-A6D0-336CBC2871FE}.Debug|Win32.Build.0 = Debug|Win32
		{488B1DCF-D41E-4416-A6D0-336CBC2871FE}.Debug|x64.ActiveCfg = Debug|x64
		{488B1DCF-D41E-4416-A6D0-336CBC2871FE}.Debug|x64.Build.0 = Debug|x64
		{488B1DCF-D41E-4416-A6D0-336CBC2871FE}.Release_MT_Static|Win32.ActiveCfg = Release_MT_Static|Win32
		{488B1DCF-D41E-4416-A6D0-336CBC2871FE}.Release_MT_Static|Win32.Build.0 = Release_MT_Static|Win32
		{488B1DCF-D41E-4416-A6D0-336CBC2871FE}.Release_MT_Static|x64.ActiveCfg = Release_MT_Static|x64
		{488B1DCF-D41E-4416-A6D0-336CBC2871FE}.Release_MT_Static|x64.Build.0 = Release_MT_Static|x64
		{488B1DCF-D41E-4416-A6D0-336CBC2871FE}.Release_Static|Win32.ActiveCfg = Release_Static|Win32
		{488B1DCF-D41E-4416-A6D0-336CBC2871FE}.Release_Static|Win32.Build.0 = Release_Static|Win32
		{488B1DCF-D41E-4416-A6D0-336CBC2871FE}.Release_Static|x64.ActiveCfg = Release_Static|x64
		{488B1DCF-D41E-4416-A6D0-336CBC2871FE}.Release_Static|x64.Build.0 = Release_Static|x64
		{488B1DCF-D41E-4416-A6D0-336CBC2871FE}.Release|Win32.ActiveCfg = Release|Win32
		{488B1DCF-D41E-4416-A6D0-336CBC2871FE}.Release|Win32.Build.0 = Release|Win32
		{488B1DCF-D41E-4416-A6D0-336CBC2871FE}.Release|x64.ActiveCfg = Release|x64
		{488B1DCF-D41E-4416-A6D0-336CBC2871FE}.Release|x64.Build.0 = Release|x64
	EndGlobalSection
	GlobalSection(SolutionProperties) = preSolution
		HideSolutionNode = FALSE
	EndGlobalSection
EndGlobal
